
Microsoft Visual Studio Solution File, Format Version 12.00
# Visual Studio Version 17
VisualStudioVersion = 17.11.35327.3
MinimumVisualStudioVersion = 10.0.40219.1
Project("{FAE04EC0-301F-11D3-BF4B-00C04F79EFBC}") = "AKL_project_backend", "AKL_project_backend\AKL_project_backend.csproj", "{19063BD2-5586-4AFE-9293-584603764510}"
EndProject
Global
	GlobalSection(SolutionConfigurationPlatforms) = preSolution
		Debug|Any CPU = Debug|Any CPU
		Release|Any CPU = Release|Any CPU
	EndGlobalSection
	GlobalSection(ProjectConfigurationPlatforms) = postSolution
		{19063BD2-5586-4AFE-9293-584603764510}.Debug|Any CPU.ActiveCfg = Debug|Any CPU
		{19063BD2-5586-4AFE-9293-584603764510}.Debug|Any CPU.Build.0 = Debug|Any CPU
		{19063BD2-5586-4AFE-9293-584603764510}.Release|Any CPU.ActiveCfg = Release|Any CPU
		{19063BD2-5586-4AFE-9293-584603764510}.Release|Any CPU.Build.0 = Release|Any CPU
	EndGlobalSection
	GlobalSection(SolutionProperties) = preSolution
		HideSolutionNode = FALSE
	EndGlobalSection
	GlobalSection(ExtensibilityGlobals) = postSolution
		SolutionGuid = {7860AE20-67CC-411C-AF62-EB44609A3F56}
	EndGlobalSection
EndGlobal
